
Microsoft Visual Studio Solution File, Format Version 12.00
# Visual Studio 14
VisualStudioVersion = 14.0.25123.0
MinimumVisualStudioVersion = 10.0.40219.1
Project("{FAE04EC0-301F-11D3-BF4B-00C04F79EFBC}") = "SwissTransport", "src\SwissTransport\SwissTransport.csproj", "{D0262178-A48F-4DE0-807B-E76B63E39421}"
EndProject
Project("{FAE04EC0-301F-11D3-BF4B-00C04F79EFBC}") = "SwissTransportTest", "tests\SwissTransportTest\SwissTransportTest.csproj", "{959C6E54-5B1C-40F5-938A-C57B17451421}"
EndProject
Project("{FAE04EC0-301F-11D3-BF4B-00C04F79EFBC}") = "WindowsFormsApplication1", "WindowsFormsApplication1\WindowsFormsApplication1.csproj", "{6DB8CBB1-A9FD-4A10-9692-881345DBC64A}"
EndProject
Project("{FAE04EC0-301F-11D3-BF4B-00C04F79EFBC}") = "SwissTransportWindowsApp", "SwissTransportWindowsApp\SwissTransportWindowsApp.csproj", "{3B078681-6C97-44FE-8A3C-88126BE671A1}"
EndProject
Project("{FAE04EC0-301F-11D3-BF4B-00C04F79EFBC}") = "SwissTransportClient", "SwissTransportClient\SwissTransportClient.csproj", "{EB0B2E9A-26FE-46E5-9F08-F02A1C80E428}"
EndProject
Global
	GlobalSection(SolutionConfigurationPlatforms) = preSolution
		Debug|Any CPU = Debug|Any CPU
		Release|Any CPU = Release|Any CPU
	EndGlobalSection
	GlobalSection(ProjectConfigurationPlatforms) = postSolution
		{D0262178-A48F-4DE0-807B-E76B63E39421}.Debug|Any CPU.ActiveCfg = Debug|Any CPU
		{D0262178-A48F-4DE0-807B-E76B63E39421}.Debug|Any CPU.Build.0 = Debug|Any CPU
		{D0262178-A48F-4DE0-807B-E76B63E39421}.Release|Any CPU.ActiveCfg = Release|Any CPU
		{D0262178-A48F-4DE0-807B-E76B63E39421}.Release|Any CPU.Build.0 = Release|Any CPU
		{959C6E54-5B1C-40F5-938A-C57B17451421}.Debug|Any CPU.ActiveCfg = Debug|Any CPU
		{959C6E54-5B1C-40F5-938A-C57B17451421}.Debug|Any CPU.Build.0 = Debug|Any CPU
		{959C6E54-5B1C-40F5-938A-C57B17451421}.Release|Any CPU.ActiveCfg = Release|Any CPU
		{959C6E54-5B1C-40F5-938A-C57B17451421}.Release|Any CPU.Build.0 = Release|Any CPU
		{6DB8CBB1-A9FD-4A10-9692-881345DBC64A}.Debug|Any CPU.ActiveCfg = Debug|Any CPU
		{6DB8CBB1-A9FD-4A10-9692-881345DBC64A}.Debug|Any CPU.Build.0 = Debug|Any CPU
		{6DB8CBB1-A9FD-4A10-9692-881345DBC64A}.Release|Any CPU.ActiveCfg = Release|Any CPU
		{6DB8CBB1-A9FD-4A10-9692-881345DBC64A}.Release|Any CPU.Build.0 = Release|Any CPU
		{3B078681-6C97-44FE-8A3C-88126BE671A1}.Debug|Any CPU.ActiveCfg = Debug|Any CPU
		{3B078681-6C97-44FE-8A3C-88126BE671A1}.Debug|Any CPU.Build.0 = Debug|Any CPU
		{3B078681-6C97-44FE-8A3C-88126BE671A1}.Release|Any CPU.ActiveCfg = Release|Any CPU
		{3B078681-6C97-44FE-8A3C-88126BE671A1}.Release|Any CPU.Build.0 = Release|Any CPU
		{EB0B2E9A-26FE-46E5-9F08-F02A1C80E428}.Debug|Any CPU.ActiveCfg = Debug|Any CPU
		{EB0B2E9A-26FE-46E5-9F08-F02A1C80E428}.Debug|Any CPU.Build.0 = Debug|Any CPU
		{EB0B2E9A-26FE-46E5-9F08-F02A1C80E428}.Release|Any CPU.ActiveCfg = Release|Any CPU
		{EB0B2E9A-26FE-46E5-9F08-F02A1C80E428}.Release|Any CPU.Build.0 = Release|Any CPU
	EndGlobalSection
	GlobalSection(SolutionProperties) = preSolution
		HideSolutionNode = FALSE
	EndGlobalSection
EndGlobal
